
Microsoft Visual Studio Solution File, Format Version 12.00
# Visual Studio 15
VisualStudioVersion = 15.0.27130.2036
MinimumVisualStudioVersion = 10.0.40219.1
Project("{FAE04EC0-301F-11D3-BF4B-00C04F79EFBC}") = "TddExample", "TddExample\TddExample.csproj", "{45B20CDE-9E68-4636-957E-EED77C0D2ABF}"
EndProject
Project("{FAE04EC0-301F-11D3-BF4B-00C04F79EFBC}") = "TddExampleTests", "TddExampleTests\TddExampleTests.csproj", "{46EED19B-685F-40FB-9EE6-5333FF310B87}"
EndProject
Global
	GlobalSection(SolutionConfigurationPlatforms) = preSolution
		Debug|Any CPU = Debug|Any CPU
		Release|Any CPU = Release|Any CPU
	EndGlobalSection
	GlobalSection(ProjectConfigurationPlatforms) = postSolution
		{45B20CDE-9E68-4636-957E-EED77C0D2ABF}.Debug|Any CPU.ActiveCfg = Debug|Any CPU
		{45B20CDE-9E68-4636-957E-EED77C0D2ABF}.Debug|Any CPU.Build.0 = Debug|Any CPU
		{45B20CDE-9E68-4636-957E-EED77C0D2ABF}.Release|Any CPU.ActiveCfg = Release|Any CPU
		{45B20CDE-9E68-4636-957E-EED77C0D2ABF}.Release|Any CPU.Build.0 = Release|Any CPU
		{46EED19B-685F-40FB-9EE6-5333FF310B87}.Debug|Any CPU.ActiveCfg = Debug|Any CPU
		{46EED19B-685F-40FB-9EE6-5333FF310B87}.Debug|Any CPU.Build.0 = Debug|Any CPU
		{46EED19B-685F-40FB-9EE6-5333FF310B87}.Release|Any CPU.ActiveCfg = Release|Any CPU
		{46EED19B-685F-40FB-9EE6-5333FF310B87}.Release|Any CPU.Build.0 = Release|Any CPU
	EndGlobalSection
	GlobalSection(SolutionProperties) = preSolution
		HideSolutionNode = FALSE
	EndGlobalSection
	GlobalSection(ExtensibilityGlobals) = postSolution
		SolutionGuid = {4175A74D-556A-488C-9CB5-C3F7CE91E5C9}
	EndGlobalSection
EndGlobal
